
Microsoft Visual Studio Solution File, Format Version 12.00
# Visual Studio Version 16
VisualStudioVersion = 16.0.31729.503
MinimumVisualStudioVersion = 10.0.40219.1
Project("{FAE04EC0-301F-11D3-BF4B-00C04F79EFBC}") = "FoodPlaner", "FoodPlaner\FoodPlaner.csproj", "{06C0801D-24A5-437F-8E24-5B170E5827D9}"
EndProject
Project("{FAE04EC0-301F-11D3-BF4B-00C04F79EFBC}") = "FoodPlaner.Tests", "FoodPlaner.Tests\FoodPlaner.Tests.csproj", "{4F089D65-F645-4203-9FB4-44ABD829EB6A}"
EndProject
Global
	GlobalSection(SolutionConfigurationPlatforms) = preSolution
		Debug|Any CPU = Debug|Any CPU
		Release|Any CPU = Release|Any CPU
	EndGlobalSection
	GlobalSection(ProjectConfigurationPlatforms) = postSolution
		{06C0801D-24A5-437F-8E24-5B170E5827D9}.Debug|Any CPU.ActiveCfg = Debug|Any CPU
		{06C0801D-24A5-437F-8E24-5B170E5827D9}.Debug|Any CPU.Build.0 = Debug|Any CPU
		{06C0801D-24A5-437F-8E24-5B170E5827D9}.Release|Any CPU.ActiveCfg = Release|Any CPU
		{06C0801D-24A5-437F-8E24-5B170E5827D9}.Release|Any CPU.Build.0 = Release|Any CPU
		{4F089D65-F645-4203-9FB4-44ABD829EB6A}.Debug|Any CPU.ActiveCfg = Debug|Any CPU
		{4F089D65-F645-4203-9FB4-44ABD829EB6A}.Debug|Any CPU.Build.0 = Debug|Any CPU
		{4F089D65-F645-4203-9FB4-44ABD829EB6A}.Release|Any CPU.ActiveCfg = Release|Any CPU
		{4F089D65-F645-4203-9FB4-44ABD829EB6A}.Release|Any CPU.Build.0 = Release|Any CPU
	EndGlobalSection
	GlobalSection(SolutionProperties) = preSolution
		HideSolutionNode = FALSE
	EndGlobalSection
	GlobalSection(ExtensibilityGlobals) = postSolution
		SolutionGuid = {B0528143-64AD-49AA-B9C5-277937912D57}
	EndGlobalSection
EndGlobal
